{
  "name": "batch-job-script",
  "version": "1.0.0",
  "lockfileVersion": 3,
  "requires": true,
  "packages": {
    "": {
      "name": "batch-job-script",
      "version": "1.0.0",
      "license": "ISC",
      "devDependencies": {
        "esbuild": "^0.19.2",
        "prettier": "3.4.2"
      }
    },
    "node_modules/@esbuild/win32-x64": {
      "version": "0.19.2",
      "cpu": [
        "x64"
      ],
      "dev": true,
      "license": "MIT",
      "optional": true,
      "os": [
        "win32"
      ],
      "engines": {
        "node": ">=12"
      }
    },
    "node_modules/esbuild": {
      "version": "0.19.2",
      "dev": true,
      "hasInstallScript": true,
      "license": "MIT",
      "bin": {
        "esbuild": "bin/esbuild"
      },
      "engines": {
        "node": ">=12"
      },
      "optionalDependencies": {
        "@esbuild/android-arm": "0.19.2",
        "@esbuild/android-arm64": "0.19.2",
        "@esbuild/android-x64": "0.19.2",
        "@esbuild/darwin-arm64": "0.19.2",
        "@esbuild/darwin-x64": "0.19.2",
        "@esbuild/freebsd-arm64": "0.19.2",
        "@esbuild/freebsd-x64": "0.19.2",
        "@esbuild/linux-arm": "0.19.2",
        "@esbuild/linux-arm64": "0.19.2",
        "@esbuild/linux-ia32": "0.19.2",
        "@esbuild/linux-loong64": "0.19.2",
        "@esbuild/linux-mips64el": "0.19.2",
        "@esbuild/linux-ppc64": "0.19.2",
        "@esbuild/linux-riscv64": "0.19.2",
        "@esbuild/linux-s390x": "0.19.2",
        "@esbuild/linux-x64": "0.19.2",
        "@esbuild/netbsd-x64": "0.19.2",
        "@esbuild/openbsd-x64": "0.19.2",
        "@esbuild/sunos-x64": "0.19.2",
        "@esbuild/win32-arm64": "0.19.2",
        "@esbuild/win32-ia32": "0.19.2",
        "@esbuild/win32-x64": "0.19.2"
      }
    },
    "node_modules/prettier": {
      "version": "3.4.2",
      "resolved": "https://registry.npmjs.org/prettier/-/prettier-3.4.2.tgz",
      "integrity": "sha512-e9MewbtFo+Fevyuxn/4rrcDAaq0IYxPGLvObpQjiZBMAzB9IGmzlnG9RZy3FFas+eBMu2vA0CszMeduow5dIuQ==",
      "dev": true,
      "license": "MIT",
      "bin": {
        "prettier": "bin/prettier.cjs"
      },
      "engines": {
        "node": ">=14"
      },
      "funding": {
        "url": "https://github.com/prettier/prettier?sponsor=1"
      }
    }
  }
}
